
Microsoft Visual Studio Solution File, Format Version 12.00
Project("{FAE04EC0-301F-11D3-BF4B-00C04F79EFBC}") = "ConsoleApp1", "ConsoleApp1\ConsoleApp1.csproj", "{7840D61D-0016-4770-98E8-7B873720D6CA}"
EndProject
Project("{FAE04EC0-301F-11D3-BF4B-00C04F79EFBC}") = "Liskov", "Liskov\Liskov.csproj", "{2AEB5093-DEC5-481F-B39E-0F74E6B3D4ED}"
EndProject
Project("{FAE04EC0-301F-11D3-BF4B-00C04F79EFBC}") = "InterfaceSegregation", "InterfaceSegregation\InterfaceSegregation.csproj", "{DDD485B0-05BB-4938-9C4B-34219A16716D}"
EndProject
Project("{FAE04EC0-301F-11D3-BF4B-00C04F79EFBC}") = "DependencyInversionPrinciple", "DependencyInversionPrinciple\DependencyInversionPrinciple.csproj", "{A64CCEB6-970A-4BAE-892C-2ED7D741E5ED}"
EndProject
Project("{FAE04EC0-301F-11D3-BF4B-00C04F79EFBC}") = "BuilderPattern", "BuilderPattern\BuilderPattern.csproj", "{B2734D14-F38B-47B4-8DAD-E603BD516689}"
EndProject
Project("{FAE04EC0-301F-11D3-BF4B-00C04F79EFBC}") = "BuilderPattern.FluentBuilderInheritance", "BuilderPattern.FluentBuilderInheritance\BuilderPattern.FluentBuilderInheritance.csproj", "{5312317D-7CD9-49C8-BC5E-FA9246A5716F}"
EndProject
Global
	GlobalSection(SolutionConfigurationPlatforms) = preSolution
		Debug|Any CPU = Debug|Any CPU
		Release|Any CPU = Release|Any CPU
	EndGlobalSection
	GlobalSection(ProjectConfigurationPlatforms) = postSolution
		{7840D61D-0016-4770-98E8-7B873720D6CA}.Debug|Any CPU.ActiveCfg = Debug|Any CPU
		{7840D61D-0016-4770-98E8-7B873720D6CA}.Release|Any CPU.ActiveCfg = Release|Any CPU
		{7840D61D-0016-4770-98E8-7B873720D6CA}.Release|Any CPU.Build.0 = Release|Any CPU
		{7840D61D-0016-4770-98E8-7B873720D6CA}.Debug|Any CPU.Build.0 = Debug|Any CPU
		{2AEB5093-DEC5-481F-B39E-0F74E6B3D4ED}.Debug|Any CPU.ActiveCfg = Debug|Any CPU
		{2AEB5093-DEC5-481F-B39E-0F74E6B3D4ED}.Debug|Any CPU.Build.0 = Debug|Any CPU
		{2AEB5093-DEC5-481F-B39E-0F74E6B3D4ED}.Release|Any CPU.ActiveCfg = Release|Any CPU
		{2AEB5093-DEC5-481F-B39E-0F74E6B3D4ED}.Release|Any CPU.Build.0 = Release|Any CPU
		{DDD485B0-05BB-4938-9C4B-34219A16716D}.Debug|Any CPU.ActiveCfg = Debug|Any CPU
		{DDD485B0-05BB-4938-9C4B-34219A16716D}.Debug|Any CPU.Build.0 = Debug|Any CPU
		{DDD485B0-05BB-4938-9C4B-34219A16716D}.Release|Any CPU.ActiveCfg = Release|Any CPU
		{DDD485B0-05BB-4938-9C4B-34219A16716D}.Release|Any CPU.Build.0 = Release|Any CPU
		{A64CCEB6-970A-4BAE-892C-2ED7D741E5ED}.Debug|Any CPU.ActiveCfg = Debug|Any CPU
		{A64CCEB6-970A-4BAE-892C-2ED7D741E5ED}.Debug|Any CPU.Build.0 = Debug|Any CPU
		{A64CCEB6-970A-4BAE-892C-2ED7D741E5ED}.Release|Any CPU.ActiveCfg = Release|Any CPU
		{A64CCEB6-970A-4BAE-892C-2ED7D741E5ED}.Release|Any CPU.Build.0 = Release|Any CPU
		{B2734D14-F38B-47B4-8DAD-E603BD516689}.Debug|Any CPU.ActiveCfg = Debug|Any CPU
		{B2734D14-F38B-47B4-8DAD-E603BD516689}.Debug|Any CPU.Build.0 = Debug|Any CPU
		{B2734D14-F38B-47B4-8DAD-E603BD516689}.Release|Any CPU.ActiveCfg = Release|Any CPU
		{B2734D14-F38B-47B4-8DAD-E603BD516689}.Release|Any CPU.Build.0 = Release|Any CPU
		{5312317D-7CD9-49C8-BC5E-FA9246A5716F}.Debug|Any CPU.ActiveCfg = Debug|Any CPU
		{5312317D-7CD9-49C8-BC5E-FA9246A5716F}.Debug|Any CPU.Build.0 = Debug|Any CPU
		{5312317D-7CD9-49C8-BC5E-FA9246A5716F}.Release|Any CPU.ActiveCfg = Release|Any CPU
		{5312317D-7CD9-49C8-BC5E-FA9246A5716F}.Release|Any CPU.Build.0 = Release|Any CPU
	EndGlobalSection
EndGlobal
