
Microsoft Visual Studio Solution File, Format Version 12.00
Project("{FAE04EC0-301F-11D3-BF4B-00C04F79EFBC}") = "ConsoleApp1", "ConsoleApp1\ConsoleApp1.csproj", "{7840D61D-0016-4770-98E8-7B873720D6CA}"
EndProject
Project("{FAE04EC0-301F-11D3-BF4B-00C04F79EFBC}") = "Liskov", "Liskov\Liskov.csproj", "{2AEB5093-DEC5-481F-B39E-0F74E6B3D4ED}"
EndProject
Project("{FAE04EC0-301F-11D3-BF4B-00C04F79EFBC}") = "InterfaceSegregation", "InterfaceSegregation\InterfaceSegregation.csproj", "{DDD485B0-05BB-4938-9C4B-34219A16716D}"
EndProject
Project("{FAE04EC0-301F-11D3-BF4B-00C04F79EFBC}") = "DependencyInversionPrinciple", "DependencyInversionPrinciple\DependencyInversionPrinciple.csproj", "{A64CCEB6-970A-4BAE-892C-2ED7D741E5ED}"
EndProject
Project("{FAE04EC0-301F-11D3-BF4B-00C04F79EFBC}") = "BuilderPattern", "BuilderPattern\BuilderPattern.csproj", "{B2734D14-F38B-47B4-8DAD-E603BD516689}"
EndProject
Project("{FAE04EC0-301F-11D3-BF4B-00C04F79EFBC}") = "BuilderPattern.FluentBuilderInheritance", "BuilderPattern.FluentBuilderInheritance\BuilderPattern.FluentBuilderInheritance.csproj", "{5312317D-7CD9-49C8-BC5E-FA9246A5716F}"
EndProject
Project("{FAE04EC0-301F-11D3-BF4B-00C04F79EFBC}") = "FacetedBuilder", "FacetedBuilder\FacetedBuilder.csproj", "{814F6F36-DD5E-492F-883C-DA59F3CE5317}"
EndProject
Project("{FAE04EC0-301F-11D3-BF4B-00C04F79EFBC}") = "BuilderExerciseOne", "BuilderExerciseOne\BuilderExerciseOne.csproj", "{710C0417-B91E-49EB-8CB4-7AB10EF2A8B6}"
EndProject
Project("{FAE04EC0-301F-11D3-BF4B-00C04F79EFBC}") = "Factories", "Factories\Factories.csproj", "{0DC8CC7F-6430-4664-88EB-346FC0F90E40}"
EndProject
Project("{FAE04EC0-301F-11D3-BF4B-00C04F79EFBC}") = "Abstract", "Abstract\Abstract.csproj", "{FBBA15C9-CA9B-4C5C-88C7-D9AA88A81B3E}"
EndProject
Project("{FAE04EC0-301F-11D3-BF4B-00C04F79EFBC}") = "FactoryExerciseOne", "FactoryExerciseOne\FactoryExerciseOne.csproj", "{8EDBCB18-B937-4CA8-8FB4-8B1866C58609}"
EndProject
Project("{FAE04EC0-301F-11D3-BF4B-00C04F79EFBC}") = "Prototype", "Prototype\Prototype.csproj", "{4958C4A9-EF1B-4F91-9538-AFEB6DBAB109}"
EndProject
Global
	GlobalSection(SolutionConfigurationPlatforms) = preSolution
		Debug|Any CPU = Debug|Any CPU
		Release|Any CPU = Release|Any CPU
	EndGlobalSection
	GlobalSection(ProjectConfigurationPlatforms) = postSolution
		{7840D61D-0016-4770-98E8-7B873720D6CA}.Debug|Any CPU.ActiveCfg = Debug|Any CPU
		{7840D61D-0016-4770-98E8-7B873720D6CA}.Release|Any CPU.ActiveCfg = Release|Any CPU
		{7840D61D-0016-4770-98E8-7B873720D6CA}.Release|Any CPU.Build.0 = Release|Any CPU
		{7840D61D-0016-4770-98E8-7B873720D6CA}.Debug|Any CPU.Build.0 = Debug|Any CPU
		{2AEB5093-DEC5-481F-B39E-0F74E6B3D4ED}.Debug|Any CPU.ActiveCfg = Debug|Any CPU
		{2AEB5093-DEC5-481F-B39E-0F74E6B3D4ED}.Debug|Any CPU.Build.0 = Debug|Any CPU
		{2AEB5093-DEC5-481F-B39E-0F74E6B3D4ED}.Release|Any CPU.ActiveCfg = Release|Any CPU
		{2AEB5093-DEC5-481F-B39E-0F74E6B3D4ED}.Release|Any CPU.Build.0 = Release|Any CPU
		{DDD485B0-05BB-4938-9C4B-34219A16716D}.Debug|Any CPU.ActiveCfg = Debug|Any CPU
		{DDD485B0-05BB-4938-9C4B-34219A16716D}.Debug|Any CPU.Build.0 = Debug|Any CPU
		{DDD485B0-05BB-4938-9C4B-34219A16716D}.Release|Any CPU.ActiveCfg = Release|Any CPU
		{DDD485B0-05BB-4938-9C4B-34219A16716D}.Release|Any CPU.Build.0 = Release|Any CPU
		{A64CCEB6-970A-4BAE-892C-2ED7D741E5ED}.Debug|Any CPU.ActiveCfg = Debug|Any CPU
		{A64CCEB6-970A-4BAE-892C-2ED7D741E5ED}.Debug|Any CPU.Build.0 = Debug|Any CPU
		{A64CCEB6-970A-4BAE-892C-2ED7D741E5ED}.Release|Any CPU.ActiveCfg = Release|Any CPU
		{A64CCEB6-970A-4BAE-892C-2ED7D741E5ED}.Release|Any CPU.Build.0 = Release|Any CPU
		{B2734D14-F38B-47B4-8DAD-E603BD516689}.Debug|Any CPU.ActiveCfg = Debug|Any CPU
		{B2734D14-F38B-47B4-8DAD-E603BD516689}.Debug|Any CPU.Build.0 = Debug|Any CPU
		{B2734D14-F38B-47B4-8DAD-E603BD516689}.Release|Any CPU.ActiveCfg = Release|Any CPU
		{B2734D14-F38B-47B4-8DAD-E603BD516689}.Release|Any CPU.Build.0 = Release|Any CPU
		{5312317D-7CD9-49C8-BC5E-FA9246A5716F}.Debug|Any CPU.ActiveCfg = Debug|Any CPU
		{5312317D-7CD9-49C8-BC5E-FA9246A5716F}.Debug|Any CPU.Build.0 = Debug|Any CPU
		{5312317D-7CD9-49C8-BC5E-FA9246A5716F}.Release|Any CPU.ActiveCfg = Release|Any CPU
		{5312317D-7CD9-49C8-BC5E-FA9246A5716F}.Release|Any CPU.Build.0 = Release|Any CPU
		{814F6F36-DD5E-492F-883C-DA59F3CE5317}.Debug|Any CPU.ActiveCfg = Debug|Any CPU
		{814F6F36-DD5E-492F-883C-DA59F3CE5317}.Debug|Any CPU.Build.0 = Debug|Any CPU
		{814F6F36-DD5E-492F-883C-DA59F3CE5317}.Release|Any CPU.ActiveCfg = Release|Any CPU
		{814F6F36-DD5E-492F-883C-DA59F3CE5317}.Release|Any CPU.Build.0 = Release|Any CPU
		{710C0417-B91E-49EB-8CB4-7AB10EF2A8B6}.Debug|Any CPU.ActiveCfg = Debug|Any CPU
		{710C0417-B91E-49EB-8CB4-7AB10EF2A8B6}.Debug|Any CPU.Build.0 = Debug|Any CPU
		{710C0417-B91E-49EB-8CB4-7AB10EF2A8B6}.Release|Any CPU.ActiveCfg = Release|Any CPU
		{710C0417-B91E-49EB-8CB4-7AB10EF2A8B6}.Release|Any CPU.Build.0 = Release|Any CPU
		{0DC8CC7F-6430-4664-88EB-346FC0F90E40}.Debug|Any CPU.ActiveCfg = Debug|Any CPU
		{0DC8CC7F-6430-4664-88EB-346FC0F90E40}.Debug|Any CPU.Build.0 = Debug|Any CPU
		{0DC8CC7F-6430-4664-88EB-346FC0F90E40}.Release|Any CPU.ActiveCfg = Release|Any CPU
		{0DC8CC7F-6430-4664-88EB-346FC0F90E40}.Release|Any CPU.Build.0 = Release|Any CPU
		{FBBA15C9-CA9B-4C5C-88C7-D9AA88A81B3E}.Debug|Any CPU.ActiveCfg = Debug|Any CPU
		{FBBA15C9-CA9B-4C5C-88C7-D9AA88A81B3E}.Debug|Any CPU.Build.0 = Debug|Any CPU
		{FBBA15C9-CA9B-4C5C-88C7-D9AA88A81B3E}.Release|Any CPU.ActiveCfg = Release|Any CPU
		{FBBA15C9-CA9B-4C5C-88C7-D9AA88A81B3E}.Release|Any CPU.Build.0 = Release|Any CPU
		{8EDBCB18-B937-4CA8-8FB4-8B1866C58609}.Debug|Any CPU.ActiveCfg = Debug|Any CPU
		{8EDBCB18-B937-4CA8-8FB4-8B1866C58609}.Debug|Any CPU.Build.0 = Debug|Any CPU
		{8EDBCB18-B937-4CA8-8FB4-8B1866C58609}.Release|Any CPU.ActiveCfg = Release|Any CPU
		{8EDBCB18-B937-4CA8-8FB4-8B1866C58609}.Release|Any CPU.Build.0 = Release|Any CPU
		{4958C4A9-EF1B-4F91-9538-AFEB6DBAB109}.Debug|Any CPU.ActiveCfg = Debug|Any CPU
		{4958C4A9-EF1B-4F91-9538-AFEB6DBAB109}.Debug|Any CPU.Build.0 = Debug|Any CPU
		{4958C4A9-EF1B-4F91-9538-AFEB6DBAB109}.Release|Any CPU.ActiveCfg = Release|Any CPU
		{4958C4A9-EF1B-4F91-9538-AFEB6DBAB109}.Release|Any CPU.Build.0 = Release|Any CPU
	EndGlobalSection
EndGlobal
